<?xml version="1.0" encoding="utf-8"?>
<Project ToolsVersion="4.0" xmlns="http://schemas.microsoft.com/developer/msbuild/2003">
  <ItemGroup>
    <Filter Include="src">
      <UniqueIdentifier>{fb436496-f019-4223-8129-f49bbd1ec238}</UniqueIdentifier>
    </Filter>
    <Filter Include="src\util">
      <UniqueIdentifier>{706bf4f4-27ef-4f44-8eff-3194e2294ab1}</UniqueIdentifier>
    </Filter>
    <Filter Include="src\async">
      <UniqueIdentifier>{a447d76a-812d-4e8b-9297-b966b5a92aa3}</UniqueIdentifier>
    </Filter>
    <Filter Include="src\text">
      <UniqueIdentifier>{37d5792e-fdc9-4d11-8719-599f39fa8ed6}</UniqueIdentifier>
    </Filter>
    <Filter Include="src\binding">
      <UniqueIdentifier>{6f4723e3-dbea-4e8c-a480-3077fbaf1d9a}</UniqueIdentifier>
    </Filter>
    <Filter Include="include">
      <UniqueIdentifier>{25493c6f-c41c-41af-a3a3-b09614eb021f}</UniqueIdentifier>
    </Filter>
    <Filter Include="include\async">
      <UniqueIdentifier>{1eb60bad-f07a-49d3-b0d1-49e3df727850}</UniqueIdentifier>
    </Filter>
    <Filter Include="include\binding">
      <UniqueIdentifier>{80e38890-3182-4805-95f4-8b1b6fd4633e}</UniqueIdentifier>
    </Filter>
    <Filter Include="include\util">
      <UniqueIdentifier>{1dc3c945-2e59-42bb-8d5e-31f1b5af47fb}</UniqueIdentifier>
    </Filter>
    <Filter Include="include\text">
      <UniqueIdentifier>{245025ac-9eb3-4822-8d17-f289102bcc1b}</UniqueIdentifier>
    </Filter>
    <Filter Include="include\hash">
      <UniqueIdentifier>{7c9dd946-94c3-4fdc-8b35-4cdbbe8d4f30}</UniqueIdentifier>
    </Filter>
    <Filter Include="src\hash">
      <UniqueIdentifier>{a15d6f55-30c5-43ef-a774-b044e329515c}</UniqueIdentifier>
    </Filter>
    <Filter Include="src\random">
      <UniqueIdentifier>{c7edd511-fe56-4231-b588-f3ae00b74533}</UniqueIdentifier>
    </Filter>
    <Filter Include="include\random">
      <UniqueIdentifier>{513bad29-f0a4-4dce-8f3e-4be9087b96f0}</UniqueIdentifier>
    </Filter>
    <Filter Include="include\math">
      <UniqueIdentifier>{1bb28bf4-d723-40ab-8b11-6b1bfe95a982}</UniqueIdentifier>
    </Filter>
    <Filter Include="src\math">
      <UniqueIdentifier>{4d4cdfe7-e0b5-4060-a159-fe5a799d8259}</UniqueIdentifier>
    </Filter>
  </ItemGroup>
  <ItemGroup>
    <ClCompile Include="src\async\MutexLock.cpp">
      <Filter>src\async</Filter>
    </ClCompile>
    <ClCompile Include="src\text\String.cpp">
      <Filter>src\text</Filter>
    </ClCompile>
    <ClCompile Include="src\binding\Python.cpp">
      <Filter>src\binding</Filter>
    </ClCompile>
    <ClCompile Include="src\hash\CRC.c">
      <Filter>src\hash</Filter>
    </ClCompile>
    <ClCompile Include="src\binding\Python_ObjectHandler.cpp">
      <Filter>src\binding</Filter>
    </ClCompile>
    <ClCompile Include="src\binding\Python_ObjectHandlersCollection.cpp">
      <Filter>src\binding</Filter>
    </ClCompile>
    <ClCompile Include="src\random\Random.cpp">
      <Filter>src\random</Filter>
    </ClCompile>
  </ItemGroup>
  <ItemGroup>
    <ClInclude Include="include\shlublu\async\MutexLock.h">
      <Filter>include\async</Filter>
    </ClInclude>
    <ClInclude Include="include\shlublu\binding\Python.h">
      <Filter>include\binding</Filter>
    </ClInclude>
    <ClInclude Include="include\shlublu\text\String.h">
      <Filter>include\text</Filter>
    </ClInclude>
    <ClInclude Include="include\shlublu\util\Exceptions.h">
      <Filter>include\util</Filter>
    </ClInclude>
    <ClInclude Include="include\shlublu\util\Debug.h">
      <Filter>include\util</Filter>
    </ClInclude>
    <ClInclude Include="include\shlublu\hash\CRC.h">
      <Filter>include\hash</Filter>
    </ClInclude>
    <ClInclude Include="include\shlublu\binding\Python_ObjectHandler.h">
      <Filter>include\binding</Filter>
    </ClInclude>
    <ClInclude Include="include\shlublu\binding\Python_BindingException.h">
      <Filter>src\binding</Filter>
    </ClInclude>
    <ClInclude Include="include\shlublu\binding\Python_ObjectHandlersCollection.h">
      <Filter>include\binding</Filter>
    </ClInclude>
    <ClInclude Include="include\shlublu\random\Random.h">
      <Filter>include\random</Filter>
    </ClInclude>
    <ClInclude Include="include\shlublu\math\Math.h">
      <Filter>include\math</Filter>
    </ClInclude>
  </ItemGroup>
</Project>