<?xml version="1.0" encoding="utf-8"?>
<Project ToolsVersion="4.0" xmlns="http://schemas.microsoft.com/developer/msbuild/2003">
  <ItemGroup>
    <Filter Include="src">
      <UniqueIdentifier>{9e604153-b437-472c-adc8-93454215dd6b}</UniqueIdentifier>
    </Filter>
    <Filter Include="src\util">
      <UniqueIdentifier>{aa9e871a-a036-4483-9938-03e24ab0d303}</UniqueIdentifier>
    </Filter>
    <Filter Include="src\async">
      <UniqueIdentifier>{6f65ecb3-b33c-4eaa-ab39-57d7302cb124}</UniqueIdentifier>
    </Filter>
    <Filter Include="src\text">
      <UniqueIdentifier>{4856853b-6ac8-46d0-9696-b7377617d7d2}</UniqueIdentifier>
    </Filter>
    <Filter Include="src\binding">
      <UniqueIdentifier>{40a89a7f-8c51-4722-b2cf-43bdd1180b14}</UniqueIdentifier>
    </Filter>
    <Filter Include="include">
      <UniqueIdentifier>{311f9724-917c-40db-ae61-cd57ab47ef9e}</UniqueIdentifier>
    </Filter>
    <Filter Include="include\async">
      <UniqueIdentifier>{ede274bb-0260-4dc1-ad76-a261f641bb7c}</UniqueIdentifier>
    </Filter>
    <Filter Include="include\binding">
      <UniqueIdentifier>{909630db-91cf-4511-9112-c4683211e915}</UniqueIdentifier>
    </Filter>
    <Filter Include="include\text">
      <UniqueIdentifier>{81d8e14b-304b-4d10-98e9-e9274fa95f46}</UniqueIdentifier>
    </Filter>
    <Filter Include="include\util">
      <UniqueIdentifier>{b05cdd71-4ba2-464b-bc0f-ecd084e09d8b}</UniqueIdentifier>
    </Filter>
    <Filter Include="include\hash">
      <UniqueIdentifier>{d269080a-a57e-4d39-b18d-8fce79ff79ad}</UniqueIdentifier>
    </Filter>
    <Filter Include="src\hash">
      <UniqueIdentifier>{b4def889-820b-4c84-8785-131c7af265f6}</UniqueIdentifier>
    </Filter>
    <Filter Include="include\random">
      <UniqueIdentifier>{792da483-436f-4517-845f-3e049b417477}</UniqueIdentifier>
    </Filter>
    <Filter Include="src\random">
      <UniqueIdentifier>{5f246f44-2be8-466e-8e4c-c7cbaf0bff0d}</UniqueIdentifier>
    </Filter>
    <Filter Include="include\math">
      <UniqueIdentifier>{1babc717-90e6-4279-9dbb-94b87e60d202}</UniqueIdentifier>
    </Filter>
    <Filter Include="src\math">
      <UniqueIdentifier>{a40168c2-ec36-4508-befd-4e4a3f2d444d}</UniqueIdentifier>
    </Filter>
  </ItemGroup>
  <ItemGroup>
    <ClCompile Include="src\text\String.cpp">
      <Filter>src\text</Filter>
    </ClCompile>
    <ClCompile Include="src\async\MutexLock.cpp">
      <Filter>src\async</Filter>
    </ClCompile>
    <ClCompile Include="src\binding\Python.cpp">
      <Filter>src\binding</Filter>
    </ClCompile>
    <ClCompile Include="src\hash\CRC.c">
      <Filter>src\hash</Filter>
    </ClCompile>
    <ClCompile Include="src\binding\Python_ObjectHandler.cpp">
      <Filter>src\binding</Filter>
    </ClCompile>
    <ClCompile Include="src\binding\Python_ObjectHandlersCollection.cpp">
      <Filter>src\binding</Filter>
    </ClCompile>
    <ClCompile Include="src\random\Random.cpp">
      <Filter>src\random</Filter>
    </ClCompile>
  </ItemGroup>
  <ItemGroup>
    <ClInclude Include="include\shlublu\async\MutexLock.h">
      <Filter>include\async</Filter>
    </ClInclude>
    <ClInclude Include="include\shlublu\binding\Python.h">
      <Filter>include\binding</Filter>
    </ClInclude>
    <ClInclude Include="include\shlublu\text\String.h">
      <Filter>include\text</Filter>
    </ClInclude>
    <ClInclude Include="include\shlublu\util\Debug.h">
      <Filter>include\util</Filter>
    </ClInclude>
    <ClInclude Include="include\shlublu\util\Exceptions.h">
      <Filter>include\util</Filter>
    </ClInclude>
    <ClInclude Include="include\shlublu\hash\CRC.h">
      <Filter>include\hash</Filter>
    </ClInclude>
    <ClInclude Include="include\shlublu\binding\Python_ObjectHandler.h">
      <Filter>include\binding</Filter>
    </ClInclude>
    <ClInclude Include="include\shlublu\binding\Python_BindingException.h">
      <Filter>include\binding</Filter>
    </ClInclude>
    <ClInclude Include="include\shlublu\binding\Python_ObjectHandlersCollection.h">
      <Filter>include\binding</Filter>
    </ClInclude>
    <ClInclude Include="include\shlublu\random\Random.h">
      <Filter>include\random</Filter>
    </ClInclude>
    <ClInclude Include="include\shlublu\math\Math.h">
      <Filter>include\math</Filter>
    </ClInclude>
  </ItemGroup>
</Project>