<?xml version="1.0" encoding="utf-8"?>
<Project ToolsVersion="4.0" xmlns="http://schemas.microsoft.com/developer/msbuild/2003">
  <ItemGroup>
    <Filter Include="tests">
      <UniqueIdentifier>{4522a28f-73e5-412c-a24c-b7e4d895090c}</UniqueIdentifier>
    </Filter>
    <Filter Include="tests\text">
      <UniqueIdentifier>{53eae49c-de91-44d5-b4e1-5d5019436331}</UniqueIdentifier>
    </Filter>
    <Filter Include="tests\binding">
      <UniqueIdentifier>{3c410281-4bf5-4166-8091-31e72e16fd45}</UniqueIdentifier>
    </Filter>
    <Filter Include="tests\hash">
      <UniqueIdentifier>{9e54c249-49f8-471c-89f2-26c10e83907f}</UniqueIdentifier>
    </Filter>
    <Filter Include="tests\random">
      <UniqueIdentifier>{5a08a03b-45d3-413a-9ef0-2c3ea1793cda}</UniqueIdentifier>
    </Filter>
  </ItemGroup>
  <ItemGroup>
    <ClCompile Include="tests\text\TestString.cpp">
      <Filter>tests\text</Filter>
    </ClCompile>
    <ClCompile Include="tests\binding\TestPython.cpp">
      <Filter>tests\binding</Filter>
    </ClCompile>
    <ClCompile Include="tests\hash\TestCRC.cpp">
      <Filter>tests\hash</Filter>
    </ClCompile>
    <ClCompile Include="tests\binding\TestPython_ObjectHandler.cpp">
      <Filter>tests\binding</Filter>
    </ClCompile>
    <ClCompile Include="tests\binding\TestPython_ObjectHandlersColection.cpp">
      <Filter>tests\binding</Filter>
    </ClCompile>
    <ClCompile Include="tests\random\TestRandom.cpp">
      <Filter>tests\random</Filter>
    </ClCompile>
  </ItemGroup>
</Project>